
Microsoft Visual Studio Solution File, Format Version 12.00
# Visual Studio 14
VisualStudioVersion = 14.0.25420.1
MinimumVisualStudioVersion = 10.0.40219.1
Project("{2150E333-8FDC-42A3-9474-1A3956D46DE8}") = "1.Presentention", "1.Presentention", "{402E1CF7-6E10-4A0F-8345-0C704D29D32E}"
EndProject
Project("{2150E333-8FDC-42A3-9474-1A3956D46DE8}") = "LotteryLibs", "LotteryLibs", "{FC8E82D7-D853-4D89-9C62-327FF594C9A9}"
EndProject
Project("{2150E333-8FDC-42A3-9474-1A3956D46DE8}") = "2.Application", "2.Application", "{6F4C668F-59CA-4C8D-942C-0BE058A620FA}"
EndProject
Project("{2150E333-8FDC-42A3-9474-1A3956D46DE8}") = "4.Infrastructure", "4.Infrastructure", "{C6719F74-9D62-45F8-B419-DBEE8A4C5710}"
EndProject
Project("{2150E333-8FDC-42A3-9474-1A3956D46DE8}") = "3.Domain", "3.Domain", "{98EDC5C2-35CB-418C-B2D1-C5537025F43C}"
EndProject
Project("{2150E333-8FDC-42A3-9474-1A3956D46DE8}") = "4.1.Data", "4.1.Data", "{8B844F65-282F-4FE6-8A93-A7D4F9F4A8A7}"
EndProject
Project("{FAE04EC0-301F-11D3-BF4B-00C04F79EFBC}") = "LotteryService.WebApi", "LotteryService.WebApi\LotteryService.WebApi.csproj", "{186FE277-B96F-4EA1-A4EA-6617B6FEE995}"
EndProject
Project("{FAE04EC0-301F-11D3-BF4B-00C04F79EFBC}") = "Lottery.DataAnalyzer", "Lottery.DataAnalyzer\Lottery.DataAnalyzer.csproj", "{E81E065D-97FD-4C70-8593-D64A87204B88}"
EndProject
Project("{FAE04EC0-301F-11D3-BF4B-00C04F79EFBC}") = "Lottery.DataUpdater", "Lottery.DataUpdater\Lottery.DataUpdater.csproj", "{C3A4F72A-964E-4D7A-A1ED-91F4435C62A6}"
EndProject
Project("{FAE04EC0-301F-11D3-BF4B-00C04F79EFBC}") = "Lottery.Engine", "Lottery.Engine\Lottery.Engine.csproj", "{8605F822-0F6E-43D6-AC51-FC94226BE22F}"
EndProject
Project("{FAE04EC0-301F-11D3-BF4B-00C04F79EFBC}") = "Lottery.Entities", "Lottery.Entities\Lottery.Entities.csproj", "{F7798356-4FB7-41B4-A4FE-BD4C537BDDAA}"
EndProject
Project("{FAE04EC0-301F-11D3-BF4B-00C04F79EFBC}") = "LotteryService.Data.Context", "LotteryService.Data.Context\LotteryService.Data.Context.csproj", "{1E223940-8D84-4A6E-812E-8436F45DF9E0}"
EndProject
Project("{FAE04EC0-301F-11D3-BF4B-00C04F79EFBC}") = "LotteryService.Data.Repository", "LotteryService.Data.Repository\LotteryService.Data.Repository.csproj", "{8432230B-23E6-463D-A232-49200DBC7AE1}"
EndProject
Project("{2150E333-8FDC-42A3-9474-1A3956D46DE8}") = "4.3.Common", "4.3.Common", "{920E3864-2C23-4B68-B30F-463914C616BF}"
EndProject
Project("{FAE04EC0-301F-11D3-BF4B-00C04F79EFBC}") = "LotteryService.Common", "LotteryService.Common\LotteryService.Common.csproj", "{408228BD-2151-49ED-8B30-5835BC3E3E27}"
EndProject
Project("{FAE04EC0-301F-11D3-BF4B-00C04F79EFBC}") = "LotteryService.Domain", "LotteryService.Domain\LotteryService.Domain.csproj", "{AFFD11F8-DD7C-4EEF-AB73-4D59607BC87D}"
EndProject
Project("{FAE04EC0-301F-11D3-BF4B-00C04F79EFBC}") = "Lottery.Entities.Extend", "Lottery.Entities.Extend\Lottery.Entities.Extend.csproj", "{3A652242-CCF1-474A-943F-5C46B17CF16D}"
EndProject
Project("{FAE04EC0-301F-11D3-BF4B-00C04F79EFBC}") = "LotteryService.Application", "LotteryService.Application\LotteryService.Application.csproj", "{DE1D1F4E-C7C8-4FA6-9B85-4433091FDF8A}"
EndProject
Project("{2150E333-8FDC-42A3-9474-1A3956D46DE8}") = "4.2. CrossCutting", "4.2. CrossCutting", "{49D99849-FBCA-4B27-BB4D-D7A475ED2F3C}"
EndProject
Project("{FAE04EC0-301F-11D3-BF4B-00C04F79EFBC}") = "LotteryService.CrossCutting.InversionOfControl", "LotteryService.CrossCutting.InversionOfControl\LotteryService.CrossCutting.InversionOfControl.csproj", "{016B1F21-43EA-4A7A-95F4-452289EC3D91}"
EndProject
Global
	GlobalSection(SolutionConfigurationPlatforms) = preSolution
		Debug|Any CPU = Debug|Any CPU
		Release|Any CPU = Release|Any CPU
	EndGlobalSection
	GlobalSection(ProjectConfigurationPlatforms) = postSolution
		{186FE277-B96F-4EA1-A4EA-6617B6FEE995}.Debug|Any CPU.ActiveCfg = Debug|Any CPU
		{186FE277-B96F-4EA1-A4EA-6617B6FEE995}.Debug|Any CPU.Build.0 = Debug|Any CPU
		{186FE277-B96F-4EA1-A4EA-6617B6FEE995}.Release|Any CPU.ActiveCfg = Release|Any CPU
		{186FE277-B96F-4EA1-A4EA-6617B6FEE995}.Release|Any CPU.Build.0 = Release|Any CPU
		{E81E065D-97FD-4C70-8593-D64A87204B88}.Debug|Any CPU.ActiveCfg = Debug|Any CPU
		{E81E065D-97FD-4C70-8593-D64A87204B88}.Debug|Any CPU.Build.0 = Debug|Any CPU
		{E81E065D-97FD-4C70-8593-D64A87204B88}.Release|Any CPU.ActiveCfg = Release|Any CPU
		{E81E065D-97FD-4C70-8593-D64A87204B88}.Release|Any CPU.Build.0 = Release|Any CPU
		{C3A4F72A-964E-4D7A-A1ED-91F4435C62A6}.Debug|Any CPU.ActiveCfg = Debug|Any CPU
		{C3A4F72A-964E-4D7A-A1ED-91F4435C62A6}.Debug|Any CPU.Build.0 = Debug|Any CPU
		{C3A4F72A-964E-4D7A-A1ED-91F4435C62A6}.Release|Any CPU.ActiveCfg = Release|Any CPU
		{C3A4F72A-964E-4D7A-A1ED-91F4435C62A6}.Release|Any CPU.Build.0 = Release|Any CPU
		{8605F822-0F6E-43D6-AC51-FC94226BE22F}.Debug|Any CPU.ActiveCfg = Debug|Any CPU
		{8605F822-0F6E-43D6-AC51-FC94226BE22F}.Debug|Any CPU.Build.0 = Debug|Any CPU
		{8605F822-0F6E-43D6-AC51-FC94226BE22F}.Release|Any CPU.ActiveCfg = Release|Any CPU
		{8605F822-0F6E-43D6-AC51-FC94226BE22F}.Release|Any CPU.Build.0 = Release|Any CPU
		{F7798356-4FB7-41B4-A4FE-BD4C537BDDAA}.Debug|Any CPU.ActiveCfg = Debug|Any CPU
		{F7798356-4FB7-41B4-A4FE-BD4C537BDDAA}.Debug|Any CPU.Build.0 = Debug|Any CPU
		{F7798356-4FB7-41B4-A4FE-BD4C537BDDAA}.Release|Any CPU.ActiveCfg = Release|Any CPU
		{F7798356-4FB7-41B4-A4FE-BD4C537BDDAA}.Release|Any CPU.Build.0 = Release|Any CPU
		{1E223940-8D84-4A6E-812E-8436F45DF9E0}.Debug|Any CPU.ActiveCfg = Debug|Any CPU
		{1E223940-8D84-4A6E-812E-8436F45DF9E0}.Debug|Any CPU.Build.0 = Debug|Any CPU
		{1E223940-8D84-4A6E-812E-8436F45DF9E0}.Release|Any CPU.ActiveCfg = Release|Any CPU
		{1E223940-8D84-4A6E-812E-8436F45DF9E0}.Release|Any CPU.Build.0 = Release|Any CPU
		{8432230B-23E6-463D-A232-49200DBC7AE1}.Debug|Any CPU.ActiveCfg = Debug|Any CPU
		{8432230B-23E6-463D-A232-49200DBC7AE1}.Debug|Any CPU.Build.0 = Debug|Any CPU
		{8432230B-23E6-463D-A232-49200DBC7AE1}.Release|Any CPU.ActiveCfg = Release|Any CPU
		{8432230B-23E6-463D-A232-49200DBC7AE1}.Release|Any CPU.Build.0 = Release|Any CPU
		{408228BD-2151-49ED-8B30-5835BC3E3E27}.Debug|Any CPU.ActiveCfg = Debug|Any CPU
		{408228BD-2151-49ED-8B30-5835BC3E3E27}.Debug|Any CPU.Build.0 = Debug|Any CPU
		{408228BD-2151-49ED-8B30-5835BC3E3E27}.Release|Any CPU.ActiveCfg = Release|Any CPU
		{408228BD-2151-49ED-8B30-5835BC3E3E27}.Release|Any CPU.Build.0 = Release|Any CPU
		{AFFD11F8-DD7C-4EEF-AB73-4D59607BC87D}.Debug|Any CPU.ActiveCfg = Debug|Any CPU
		{AFFD11F8-DD7C-4EEF-AB73-4D59607BC87D}.Debug|Any CPU.Build.0 = Debug|Any CPU
		{AFFD11F8-DD7C-4EEF-AB73-4D59607BC87D}.Release|Any CPU.ActiveCfg = Release|Any CPU
		{AFFD11F8-DD7C-4EEF-AB73-4D59607BC87D}.Release|Any CPU.Build.0 = Release|Any CPU
		{3A652242-CCF1-474A-943F-5C46B17CF16D}.Debug|Any CPU.ActiveCfg = Debug|Any CPU
		{3A652242-CCF1-474A-943F-5C46B17CF16D}.Debug|Any CPU.Build.0 = Debug|Any CPU
		{3A652242-CCF1-474A-943F-5C46B17CF16D}.Release|Any CPU.ActiveCfg = Release|Any CPU
		{3A652242-CCF1-474A-943F-5C46B17CF16D}.Release|Any CPU.Build.0 = Release|Any CPU
		{DE1D1F4E-C7C8-4FA6-9B85-4433091FDF8A}.Debug|Any CPU.ActiveCfg = Debug|Any CPU
		{DE1D1F4E-C7C8-4FA6-9B85-4433091FDF8A}.Debug|Any CPU.Build.0 = Debug|Any CPU
		{DE1D1F4E-C7C8-4FA6-9B85-4433091FDF8A}.Release|Any CPU.ActiveCfg = Release|Any CPU
		{DE1D1F4E-C7C8-4FA6-9B85-4433091FDF8A}.Release|Any CPU.Build.0 = Release|Any CPU
		{016B1F21-43EA-4A7A-95F4-452289EC3D91}.Debug|Any CPU.ActiveCfg = Debug|Any CPU
		{016B1F21-43EA-4A7A-95F4-452289EC3D91}.Debug|Any CPU.Build.0 = Debug|Any CPU
		{016B1F21-43EA-4A7A-95F4-452289EC3D91}.Release|Any CPU.ActiveCfg = Release|Any CPU
		{016B1F21-43EA-4A7A-95F4-452289EC3D91}.Release|Any CPU.Build.0 = Release|Any CPU
	EndGlobalSection
	GlobalSection(SolutionProperties) = preSolution
		HideSolutionNode = FALSE
	EndGlobalSection
	GlobalSection(NestedProjects) = preSolution
		{8B844F65-282F-4FE6-8A93-A7D4F9F4A8A7} = {C6719F74-9D62-45F8-B419-DBEE8A4C5710}
		{186FE277-B96F-4EA1-A4EA-6617B6FEE995} = {402E1CF7-6E10-4A0F-8345-0C704D29D32E}
		{E81E065D-97FD-4C70-8593-D64A87204B88} = {FC8E82D7-D853-4D89-9C62-327FF594C9A9}
		{C3A4F72A-964E-4D7A-A1ED-91F4435C62A6} = {FC8E82D7-D853-4D89-9C62-327FF594C9A9}
		{8605F822-0F6E-43D6-AC51-FC94226BE22F} = {FC8E82D7-D853-4D89-9C62-327FF594C9A9}
		{F7798356-4FB7-41B4-A4FE-BD4C537BDDAA} = {98EDC5C2-35CB-418C-B2D1-C5537025F43C}
		{1E223940-8D84-4A6E-812E-8436F45DF9E0} = {8B844F65-282F-4FE6-8A93-A7D4F9F4A8A7}
		{8432230B-23E6-463D-A232-49200DBC7AE1} = {8B844F65-282F-4FE6-8A93-A7D4F9F4A8A7}
		{920E3864-2C23-4B68-B30F-463914C616BF} = {C6719F74-9D62-45F8-B419-DBEE8A4C5710}
		{408228BD-2151-49ED-8B30-5835BC3E3E27} = {920E3864-2C23-4B68-B30F-463914C616BF}
		{AFFD11F8-DD7C-4EEF-AB73-4D59607BC87D} = {98EDC5C2-35CB-418C-B2D1-C5537025F43C}
		{3A652242-CCF1-474A-943F-5C46B17CF16D} = {98EDC5C2-35CB-418C-B2D1-C5537025F43C}
		{DE1D1F4E-C7C8-4FA6-9B85-4433091FDF8A} = {6F4C668F-59CA-4C8D-942C-0BE058A620FA}
		{49D99849-FBCA-4B27-BB4D-D7A475ED2F3C} = {C6719F74-9D62-45F8-B419-DBEE8A4C5710}
		{016B1F21-43EA-4A7A-95F4-452289EC3D91} = {49D99849-FBCA-4B27-BB4D-D7A475ED2F3C}
	EndGlobalSection
EndGlobal
